{
  "nodes": {
    "cpptrace-src": {
      "flake": false,
      "locked": {
        "lastModified": 1773258953,
        "narHash": "sha256-x2WLlI678JCtrEtBgA0akZn6pV+3u+/fmcSyslEwRmY=",
        "owner": "jeremy-rifkin",
        "repo": "cpptrace",
        "rev": "91b6b78e408a8b1c0b7146c9034a03156c082da2",
        "type": "github"
      },
      "original": {
        "owner": "jeremy-rifkin",
        "repo": "cpptrace",
        "type": "github"
      }
    },
    "cpr-src": {
      "flake": false,
      "locked": {
        "lastModified": 1740308114,
        "narHash": "sha256-nKX9AYVC4e3B+vOzXWZu8S4I5BNpKnqkFJ2e8bVAUE4=",
        "owner": "libcpr",
        "repo": "cpr",
        "rev": "dd967cb48ea6bcbad9f1da5ada0db8ac0d532c06",
        "type": "github"
      },
      "original": {
        "owner": "libcpr",
        "ref": "1.11.2",
        "repo": "cpr",
        "type": "github"
      }
    },
    "flake-parts": {
      "inputs": {
        "nixpkgs-lib": "nixpkgs-lib"
      },
      "locked": {
        "lastModified": 1788450739,
        "narHash": "sha256-glZLQlzIn1fXH6PazR2iUmTo7kzzyYSshrWhLS9TqCU=",
        "owner": "hercules-ci",
        "repo": "flake-parts",
        "rev": "31729ca8cbdb4fa927b34e5f4353e6a83f39e993",
        "type": "github"
      },
      "original": {
        "owner": "hercules-ci",
        "repo": "flake-parts",
        "type": "github"
      }
    },
    "libg719-src": {
      "flake": false,
      "locked": {
        "lastModified": 1673787678,
        "narHash": "sha256-0OzRabIFdbdTyfcrBlsW6PYiR1v2dBSL7olgumOEAwo=",
        "owner": "kode54",
        "repo": "libg719_decode",
        "rev": "da90ad8a676876c6c47889bcea6a753f9bbf7a73",
        "type": "github"
      },
      "original": {
        "owner": "kode54",
        "repo": "libg719_decode",
        "type": "github"
      }
    },
    "libsndfile-src": {
      "flake": false,
      "locked": {
        "lastModified": 1788253691,
        "narHash": "sha256-43GzokccLJyjDDyDpTz7Bu5v8Lzz7QInAj0ZpemLT64=",
        "owner": "libsndfile",
        "repo": "libsndfile",
        "rev": "b9103bd48b6c8fb517ae737fe3baee0c718b804c",
        "type": "github"
      },
      "original": {
        "owner": "libsndfile",
        "repo": "libsndfile",
        "type": "github"
      }
    },
    "lua-src": {
      "flake": false,
      "locked": {
        "lastModified": 1754007272,
        "narHash": "sha256-m0x31GzKhkuzohvMDme5rA0nDQ5qaZotrDje5Uqylsk=",
        "owner": "marovira",
        "repo": "lua",
        "rev": "4737fb98d04a3e2fd365e55d8cb95e4c961db3a5",
        "type": "github"
      },
      "original": {
        "owner": "marovira",
        "ref": "5.4.8",
        "repo": "lua",
        "type": "github"
      }
    },
    "nixpkgs": {
      "locked": {
        "lastModified": 1789785513,
        "narHash": "sha256-B44WL6h0XoLjJ41bUPJk0X5SDinLCII//6EcBLXKiJ0=",
        "owner": "NixOS",
        "repo": "nixpkgs",
        "rev": "20b1ddd1aa5ace70c9468305030aa4f9ef79671b",
        "type": "github"
      },
      "original": {
        "owner": "NixOS",
        "ref": "nixos-unstable",
        "repo": "nixpkgs",
        "type": "github"
      }
    },
    "nixpkgs-lib": {
      "locked": {
        "lastModified": 1788057806,
        "narHash": "sha256-DTQSMxzDWmT0zhguthvegnVkn7CFqGCv4IHCzk5ZUpM=",
        "owner": "nix-community",
        "repo": "nixpkgs.lib",
        "rev": "596e2e3940e09b2abbeb03f75fa1828c57fcd72c",
        "type": "github"
      },
      "original": {
        "owner": "nix-community",
        "repo": "nixpkgs.lib",
        "type": "github"
      }
    },
    "portaudio-src": {
      "flake": false,
      "locked": {
        "lastModified": 1777592646,
        "narHash": "sha256-vfx6loOJsI0UW51XORELlUcfdfSj0Jj+0h2OUVaqwhU=",
        "owner": "PortAudio",
        "repo": "portaudio",
        "rev": "b0fe9de7ec86ebe5a26086f1d662ab74d7ebfae4",
        "type": "github"
      },
      "original": {
        "owner": "PortAudio",
        "repo": "portaudio",
        "rev": "b0fe9de7ec86ebe5a26086f1d662ab74d7ebfae4",
        "type": "github"
      }
    },
    "rapidjson-src": {
      "flake": false,
      "locked": {
        "lastModified": 1738762088,
        "narHash": "sha256-oHHLYRDMb7Y/k0CwsdsxPC5lglr2IChQi0AiOMiFn78=",
        "owner": "Tencent",
        "repo": "rapidjson",
        "rev": "24b5e7a8b27f42fa16b96fc70aade9106cf7102f",
        "type": "github"
      },
      "original": {
        "owner": "Tencent",
        "repo": "rapidjson",
        "type": "github"
      }
    },
    "raylib-src": {
      "flake": false,
      "locked": {
        "lastModified": 1789853773,
        "narHash": "sha256-JMNrGLvVHRh9nthpSq/8ITVkv4YGfoUfx3GPeCdsrbc=",
        "owner": "raysan5",
        "repo": "raylib",
        "rev": "b927f1b2b120cac6446c4c8ca2fba6860cf99a5c",
        "type": "github"
      },
      "original": {
        "owner": "raysan5",
        "repo": "raylib",
        "type": "github"
      }
    },
    "root": {
      "inputs": {
        "cpptrace-src": "cpptrace-src",
        "cpr-src": "cpr-src",
        "flake-parts": "flake-parts",
        "libg719-src": "libg719-src",
        "libsndfile-src": "libsndfile-src",
        "lua-src": "lua-src",
        "nixpkgs": "nixpkgs",
        "portaudio-src": "portaudio-src",
        "rapidjson-src": "rapidjson-src",
        "raylib-src": "raylib-src",
        "rtaudio-src": "rtaudio-src",
        "sol2-src": "sol2-src",
        "spdlog-src": "spdlog-src",
        "tomlplusplus-src": "tomlplusplus-src",
        "yataidon-src": "yataidon-src",
        "yataidonnijiiro-src": "yataidonnijiiro-src",
        "yataidonred-src": "yataidonred-src"
      }
    },
    "rtaudio-src": {
      "flake": false,
      "locked": {
        "lastModified": 1690893527,
        "narHash": "sha256-Acsxbnl+V+Y4mKC1gD11n0m03E96HMK+oEY/YV7rlIY=",
        "owner": "thestk",
        "repo": "rtaudio",
        "rev": "b4f04903312e0e0efffbe77655172e0f060dc085",
        "type": "github"
      },
      "original": {
        "owner": "thestk",
        "ref": "6.0.1",
        "repo": "rtaudio",
        "type": "github"
      }
    },
    "sol2-src": {
      "flake": false,
      "locked": {
        "lastModified": 1740509112,
        "narHash": "sha256-bW6HD9WLOWizli6LnrkFZKxiT8IdN0QESlok+xCFz1w=",
        "owner": "ThePhD",
        "repo": "sol2",
        "rev": "9190880c593dfb018ccf5cc9729ab87739709862",
        "type": "github"
      },
      "original": {
        "owner": "ThePhD",
        "ref": "v3.5.0",
        "repo": "sol2",
        "type": "github"
      }
    },
    "spdlog-src": {
      "flake": false,
      "locked": {
        "lastModified": 1738408134,
        "narHash": "sha256-4QZVCounDbtkP+58fejHGWjquWT3b03b9TNGs45dN7c=",
        "owner": "gabime",
        "repo": "spdlog",
        "rev": "f355b3d58f7067eee1706ff3c801c2361011f3d5",
        "type": "github"
      },
      "original": {
        "owner": "gabime",
        "ref": "v1.15.1",
        "repo": "spdlog",
        "type": "github"
      }
    },
    "tomlplusplus-src": {
      "flake": false,
      "locked": {
        "lastModified": 1697204382,
        "narHash": "sha256-h5tbO0Rv2tZezY58yUbyRVpsfRjY3i+5TPkkxr6La8M=",
        "owner": "marzer",
        "repo": "tomlplusplus",
        "rev": "30172438cee64926dc41fdd9c11fb3ba5b2ba9de",
        "type": "github"
      },
      "original": {
        "owner": "marzer",
        "ref": "v3.4.0",
        "repo": "tomlplusplus",
        "type": "github"
      }
    },
    "yataidon-src": {
      "flake": false,
      "locked": {
        "lastModified": 1789852253,
        "narHash": "sha256-XqGB/tgtotrY25vKKksBc/1U0szrOK+QJiCyavIvD6M=",
        "owner": "Yonokid",
        "repo": "YataiDON",
        "rev": "878a2a0dbbdb0414e637bf53a09b753b7d9c6155",
        "type": "github"
      },
      "original": {
        "owner": "Yonokid",
        "ref": "master",
        "repo": "YataiDON",
        "type": "github"
      }
    },
    "yataidonnijiiro-src": {
      "flake": false,
      "locked": {
        "lastModified": 1789839948,
        "narHash": "sha256-XwZ0lheP1UtKQY3knetA3LSMNwIAlo0nPnUwfjR+LgQ=",
        "ref": "main",
        "rev": "de9ea4d2b6f54e4ff1fa836bd6e085fec3409a62",
        "revCount": 135,
        "type": "git",
        "url": "https://ese.tjadataba.se/Yonokid/YataiDONNijiiro.git"
      },
      "original": {
        "ref": "main",
        "type": "git",
        "url": "https://ese.tjadataba.se/Yonokid/YataiDONNijiiro.git"
      }
    },
    "yataidonred-src": {
      "flake": false,
      "locked": {
        "lastModified": 1789839936,
        "narHash": "sha256-qEU+T13RMVls3TdbW6HgbIzOOqNecOJwtHRNyYn/Law=",
        "ref": "main",
        "rev": "5b914020f752763122c1a2a7bc8fc8bb89e7411a",
        "revCount": 6,
        "type": "git",
        "url": "https://ese.tjadataba.se/Yonokid/YataiDONRed.git"
      },
      "original": {
        "ref": "main",
        "type": "git",
        "url": "https://ese.tjadataba.se/Yonokid/YataiDONRed.git"
      }
    }
  },
  "root": "root",
  "version": 7
}
